
Microsoft Visual Studio Solution File, Format Version 12.00
# Visual Studio Version 17
VisualStudioVersion = 17.10.35013.160
MinimumVisualStudioVersion = 10.0.40219.1
Project("{9A19103F-16F7-4668-BE54-9A1E7A4F7556}") = "Constructor_Practice", "Constructor_Practice\Constructor_Practice.csproj", "{554522FC-1958-497E-ACF7-41B110613D68}"
EndProject
Project("{9A19103F-16F7-4668-BE54-9A1E7A4F7556}") = "Constructor_types", "Constructor_types\Constructor_types.csproj", "{4C781B01-4892-4EB9-AA39-9D292302F67A}"
EndProject
Project("{FAE04EC0-301F-11D3-BF4B-00C04F79EFBC}") = "Encapsulation_Demo", "Encapsulation_Demo\Encapsulation_Demo.csproj", "{1D1D8059-6A15-4BA1-896C-F2235B7DE142}"
EndProject
Global
	GlobalSection(SolutionConfigurationPlatforms) = preSolution
		Debug|Any CPU = Debug|Any CPU
		Release|Any CPU = Release|Any CPU
	EndGlobalSection
	GlobalSection(ProjectConfigurationPlatforms) = postSolution
		{554522FC-1958-497E-ACF7-41B110613D68}.Debug|Any CPU.ActiveCfg = Debug|Any CPU
		{554522FC-1958-497E-ACF7-41B110613D68}.Debug|Any CPU.Build.0 = Debug|Any CPU
		{554522FC-1958-497E-ACF7-41B110613D68}.Release|Any CPU.ActiveCfg = Release|Any CPU
		{554522FC-1958-497E-ACF7-41B110613D68}.Release|Any CPU.Build.0 = Release|Any CPU
		{4C781B01-4892-4EB9-AA39-9D292302F67A}.Debug|Any CPU.ActiveCfg = Debug|Any CPU
		{4C781B01-4892-4EB9-AA39-9D292302F67A}.Debug|Any CPU.Build.0 = Debug|Any CPU
		{4C781B01-4892-4EB9-AA39-9D292302F67A}.Release|Any CPU.ActiveCfg = Release|Any CPU
		{4C781B01-4892-4EB9-AA39-9D292302F67A}.Release|Any CPU.Build.0 = Release|Any CPU
		{1D1D8059-6A15-4BA1-896C-F2235B7DE142}.Debug|Any CPU.ActiveCfg = Debug|Any CPU
		{1D1D8059-6A15-4BA1-896C-F2235B7DE142}.Debug|Any CPU.Build.0 = Debug|Any CPU
		{1D1D8059-6A15-4BA1-896C-F2235B7DE142}.Release|Any CPU.ActiveCfg = Release|Any CPU
		{1D1D8059-6A15-4BA1-896C-F2235B7DE142}.Release|Any CPU.Build.0 = Release|Any CPU
	EndGlobalSection
	GlobalSection(SolutionProperties) = preSolution
		HideSolutionNode = FALSE
	EndGlobalSection
	GlobalSection(ExtensibilityGlobals) = postSolution
		SolutionGuid = {88D68D5C-98D9-4CAD-AAD2-928A198ACDD5}
	EndGlobalSection
EndGlobal
