
Microsoft Visual Studio Solution File, Format Version 12.00
# Visual Studio Version 17
VisualStudioVersion = 17.10.35013.160
MinimumVisualStudioVersion = 10.0.40219.1
Project("{9A19103F-16F7-4668-BE54-9A1E7A4F7556}") = "Constructor_Practice", "Constructor_Practice\Constructor_Practice.csproj", "{554522FC-1958-497E-ACF7-41B110613D68}"
EndProject
Project("{9A19103F-16F7-4668-BE54-9A1E7A4F7556}") = "Constructor_types", "Constructor_types\Constructor_types.csproj", "{4C781B01-4892-4EB9-AA39-9D292302F67A}"
EndProject
Project("{9A19103F-16F7-4668-BE54-9A1E7A4F7556}") = "Encapsulation_Demo", "Encapsulation_Demo\Encapsulation_Demo.csproj", "{1D1D8059-6A15-4BA1-896C-F2235B7DE142}"
EndProject
Project("{9A19103F-16F7-4668-BE54-9A1E7A4F7556}") = "Abstraction_Interface", "Abstraction_Interface\Abstraction_Interface.csproj", "{35A3FB8F-54CC-4E61-9717-0C9F552D918D}"
EndProject
Project("{9A19103F-16F7-4668-BE54-9A1E7A4F7556}") = "Abstraction_abstract", "Abstraction_abstract\Abstraction_abstract.csproj", "{BB9D2212-B1F3-4185-9132-844FEF05DC74}"
EndProject
Project("{9A19103F-16F7-4668-BE54-9A1E7A4F7556}") = "Single_Inheritance", "Single_Inheritance\Single_Inheritance.csproj", "{545154D1-6DCA-4CAB-9519-8D9AB82FF9B5}"
EndProject
Project("{FAE04EC0-301F-11D3-BF4B-00C04F79EFBC}") = "AbstractClasses_AbsMethod", "AbstractClasses_AbsMethod\AbstractClasses_AbsMethod.csproj", "{E707D0D9-0EB4-4BE6-818E-C38A7F7E03B5}"
EndProject
Global
	GlobalSection(SolutionConfigurationPlatforms) = preSolution
		Debug|Any CPU = Debug|Any CPU
		Release|Any CPU = Release|Any CPU
	EndGlobalSection
	GlobalSection(ProjectConfigurationPlatforms) = postSolution
		{554522FC-1958-497E-ACF7-41B110613D68}.Debug|Any CPU.ActiveCfg = Debug|Any CPU
		{554522FC-1958-497E-ACF7-41B110613D68}.Debug|Any CPU.Build.0 = Debug|Any CPU
		{554522FC-1958-497E-ACF7-41B110613D68}.Release|Any CPU.ActiveCfg = Release|Any CPU
		{554522FC-1958-497E-ACF7-41B110613D68}.Release|Any CPU.Build.0 = Release|Any CPU
		{4C781B01-4892-4EB9-AA39-9D292302F67A}.Debug|Any CPU.ActiveCfg = Debug|Any CPU
		{4C781B01-4892-4EB9-AA39-9D292302F67A}.Debug|Any CPU.Build.0 = Debug|Any CPU
		{4C781B01-4892-4EB9-AA39-9D292302F67A}.Release|Any CPU.ActiveCfg = Release|Any CPU
		{4C781B01-4892-4EB9-AA39-9D292302F67A}.Release|Any CPU.Build.0 = Release|Any CPU
		{1D1D8059-6A15-4BA1-896C-F2235B7DE142}.Debug|Any CPU.ActiveCfg = Debug|Any CPU
		{1D1D8059-6A15-4BA1-896C-F2235B7DE142}.Debug|Any CPU.Build.0 = Debug|Any CPU
		{1D1D8059-6A15-4BA1-896C-F2235B7DE142}.Release|Any CPU.ActiveCfg = Release|Any CPU
		{1D1D8059-6A15-4BA1-896C-F2235B7DE142}.Release|Any CPU.Build.0 = Release|Any CPU
		{35A3FB8F-54CC-4E61-9717-0C9F552D918D}.Debug|Any CPU.ActiveCfg = Debug|Any CPU
		{35A3FB8F-54CC-4E61-9717-0C9F552D918D}.Debug|Any CPU.Build.0 = Debug|Any CPU
		{35A3FB8F-54CC-4E61-9717-0C9F552D918D}.Release|Any CPU.ActiveCfg = Release|Any CPU
		{35A3FB8F-54CC-4E61-9717-0C9F552D918D}.Release|Any CPU.Build.0 = Release|Any CPU
		{BB9D2212-B1F3-4185-9132-844FEF05DC74}.Debug|Any CPU.ActiveCfg = Debug|Any CPU
		{BB9D2212-B1F3-4185-9132-844FEF05DC74}.Debug|Any CPU.Build.0 = Debug|Any CPU
		{BB9D2212-B1F3-4185-9132-844FEF05DC74}.Release|Any CPU.ActiveCfg = Release|Any CPU
		{BB9D2212-B1F3-4185-9132-844FEF05DC74}.Release|Any CPU.Build.0 = Release|Any CPU
		{545154D1-6DCA-4CAB-9519-8D9AB82FF9B5}.Debug|Any CPU.ActiveCfg = Debug|Any CPU
		{545154D1-6DCA-4CAB-9519-8D9AB82FF9B5}.Debug|Any CPU.Build.0 = Debug|Any CPU
		{545154D1-6DCA-4CAB-9519-8D9AB82FF9B5}.Release|Any CPU.ActiveCfg = Release|Any CPU
		{545154D1-6DCA-4CAB-9519-8D9AB82FF9B5}.Release|Any CPU.Build.0 = Release|Any CPU
		{E707D0D9-0EB4-4BE6-818E-C38A7F7E03B5}.Debug|Any CPU.ActiveCfg = Debug|Any CPU
		{E707D0D9-0EB4-4BE6-818E-C38A7F7E03B5}.Debug|Any CPU.Build.0 = Debug|Any CPU
		{E707D0D9-0EB4-4BE6-818E-C38A7F7E03B5}.Release|Any CPU.ActiveCfg = Release|Any CPU
		{E707D0D9-0EB4-4BE6-818E-C38A7F7E03B5}.Release|Any CPU.Build.0 = Release|Any CPU
	EndGlobalSection
	GlobalSection(SolutionProperties) = preSolution
		HideSolutionNode = FALSE
	EndGlobalSection
	GlobalSection(ExtensibilityGlobals) = postSolution
		SolutionGuid = {88D68D5C-98D9-4CAD-AAD2-928A198ACDD5}
	EndGlobalSection
EndGlobal
